
Microsoft Visual Studio Solution File, Format Version 12.00
# Visual Studio Version 16
VisualStudioVersion = 16.0.30128.74
MinimumVisualStudioVersion = 10.0.40219.1
Project("{FAE04EC0-301F-11D3-BF4B-00C04F79EFBC}") = "tracker.Android", "tracker\tracker.Android\tracker.Android.csproj", "{DD112D01-94EE-4B22-B71B-71A1080AF6EE}"
EndProject
Project("{FAE04EC0-301F-11D3-BF4B-00C04F79EFBC}") = "tracker", "tracker\tracker\tracker.csproj", "{27027EA6-912A-48ED-831B-2C364FA20068}"
EndProject
Global
	GlobalSection(SolutionConfigurationPlatforms) = preSolution
		Debug|Any CPU = Debug|Any CPU
		Release|Any CPU = Release|Any CPU
	EndGlobalSection
	GlobalSection(ProjectConfigurationPlatforms) = postSolution
		{DD112D01-94EE-4B22-B71B-71A1080AF6EE}.Debug|Any CPU.ActiveCfg = Debug|Any CPU
		{DD112D01-94EE-4B22-B71B-71A1080AF6EE}.Debug|Any CPU.Build.0 = Debug|Any CPU
		{DD112D01-94EE-4B22-B71B-71A1080AF6EE}.Debug|Any CPU.Deploy.0 = Debug|Any CPU
		{DD112D01-94EE-4B22-B71B-71A1080AF6EE}.Release|Any CPU.ActiveCfg = Release|Any CPU
		{DD112D01-94EE-4B22-B71B-71A1080AF6EE}.Release|Any CPU.Build.0 = Release|Any CPU
		{DD112D01-94EE-4B22-B71B-71A1080AF6EE}.Release|Any CPU.Deploy.0 = Release|Any CPU
		{27027EA6-912A-48ED-831B-2C364FA20068}.Debug|Any CPU.ActiveCfg = Debug|Any CPU
		{27027EA6-912A-48ED-831B-2C364FA20068}.Debug|Any CPU.Build.0 = Debug|Any CPU
		{27027EA6-912A-48ED-831B-2C364FA20068}.Debug|Any CPU.Deploy.0 = Debug|Any CPU
		{27027EA6-912A-48ED-831B-2C364FA20068}.Release|Any CPU.ActiveCfg = Release|Any CPU
		{27027EA6-912A-48ED-831B-2C364FA20068}.Release|Any CPU.Build.0 = Release|Any CPU
		{27027EA6-912A-48ED-831B-2C364FA20068}.Release|Any CPU.Deploy.0 = Release|Any CPU
	EndGlobalSection
	GlobalSection(SolutionProperties) = preSolution
		HideSolutionNode = FALSE
	EndGlobalSection
	GlobalSection(ExtensibilityGlobals) = postSolution
		SolutionGuid = {A6913E77-5BD4-4E1B-B7BF-464BCEDF6F58}
	EndGlobalSection
EndGlobal
